// !$*UTF8*$!
{
	archiveVersion = 1;
	classes = {
	};
	objectVersion = 46;
	objects = {

/* Begin PBXBuildFile section */
		D1CA66DA1CAA250D009A083B /* AppDelegate.swift in Sources */ = {isa = PBXBuildFile; fileRef = D1CA66D91CAA250D009A083B /* AppDelegate.swift */; };
		D1CA66DC1CAA250D009A083B /* ViewController.swift in Sources */ = {isa = PBXBuildFile; fileRef = D1CA66DB1CAA250D009A083B /* ViewController.swift */; };
		D1CA66DF1CAA250D009A083B /* Main.storyboard in Resources */ = {isa = PBXBuildFile; fileRef = D1CA66DD1CAA250D009A083B /* Main.storyboard */; };
		D1CA66E11CAA250D009A083B /* Assets.xcassets in Resources */ = {isa = PBXBuildFile; fileRef = D1CA66E01CAA250D009A083B /* Assets.xcassets */; };
		D1CA66E41CAA250D009A083B /* LaunchScreen.storyboard in Resources */ = {isa = PBXBuildFile; fileRef = D1CA66E21CAA250D009A083B /* LaunchScreen.storyboard */; };
/* End PBXBuildFile section */

/* Begin PBXFileReference section */
		D1CA66D61CAA250D009A083B /* DBFM.app */ = {isa = PBXFileReference; explicitFileType = wrapper.application; includeInIndex = 0; path = DBFM.app; sourceTree = BUILT_PRODUCTS_DIR; };
		D1CA66D91CAA250D009A083B /* AppDelegate.swift */ = {isa = PBXFileReference; lastKnownFileType = sourcecode.swift; path = AppDelegate.swift; sourceTree = "<group>"; };
		D1CA66DB1CAA250D009A083B /* ViewController.swift */ = {isa = PBXFileReference; lastKnownFileType = sourcecode.swift; path = ViewController.swift; sourceTree = "<group>"; };
		D1CA66DE1CAA250D009A083B /* Base */ = {isa = PBXFileReference; lastKnownFileType = file.storyboard; name = Base; path = Base.lproj/Main.storyboard; sourceTree = "<group>"; };
		D1CA66E01CAA250D009A083B /* Assets.xcassets */ = {isa = PBXFileReference; lastKnownFileType = folder.assetcatalog; path = Assets.xcassets; sourceTree = "<group>"; };
		D1CA66E31CAA250D009A083B /* Base */ = {isa = PBXFileReference; lastKnownFileType = file.storyboard; name = Base; path = Base.lproj/LaunchScreen.storyboard; sourceTree = "<group>"; };
		D1CA66E51CAA250D009A083B /* Info.plist */ = {isa = PBXFileReference; lastKnownFileType = text.plist.xml; path = Info.plist; sourceTree = "<group>"; };
/* End PBXFileReference section */

/* Begin PBXFrameworksBuildPhase section */
		D1CA66D31CAA250D009A083B /* Frameworks */ = {
			isa = PBXFrameworksBuildPhase;
			buildActionMask = 2147483647;
			files = (
			);
			runOnlyForDeploymentPostprocessing = 0;
		};
/* End PBXFrameworksBuildPhase section */

/* Begin PBXGroup section */
		D1CA66CD1CAA250D009A083B = {
			isa = PBXGroup;
			children = (
				D1CA66D81CAA250D009A083B /* DBFM */,
				D1CA66D71CAA250D009A083B /* Products */,
			);
			sourceTree = "<group>";
		};
		D1CA66D71CAA250D009A083B /* Products */ = {
			isa = PBXGroup;
			children = (
				D1CA66D61CAA250D009A083B /* DBFM.app */,
			);
			name = Products;
			sourceTree = "<group>";
		};
		D1CA66D81CAA250D009A083B /* DBFM */ = {
			isa = PBXGroup;
			children = (
				D1CA66D91CAA250D009A083B /* AppDelegate.swift */,
				D1CA66DB1CAA250D009A083B /* ViewController.swift */,
				D1CA66DD1CAA250D009A083B /* Main.storyboard */,
				D1CA66E01CAA250D009A083B /* Assets.xcassets */,
				D1CA66E21CAA250D009A083B /* LaunchScreen.storyboard */,
				D1CA66E51CAA250D009A083B /* Info.plist */,
			);
			path = DBFM;
			sourceTree = "<group>";
		};
/* End PBXGroup section */

/* Begin PBXNativeTarget section */
		D1CA66D51CAA250D009A083B /* DBFM */ = {
			isa = PBXNativeTarget;
			buildConfigurationList = D1CA66E81CAA250D009A083B /* Build configuration list for PBXNativeTarget "DBFM" */;
			buildPhases = (
				D1CA66D21CAA250D009A083B /* Sources */,
				D1CA66D31CAA250D009A083B /* Frameworks */,
				D1CA66D41CAA250D009A083B /* Resources */,
			);
			buildRules = (
			);
			dependencies = (
			);
			name = DBFM;
			productName = DBFM;
			productReference = D1CA66D61CAA250D009A083B /* DBFM.app */;
			productType = "com.apple.product-type.application";
		};
/* End PBXNativeTarget section */

/* Begin PBXProject section */
		D1CA66CE1CAA250D009A083B /* Project object */ = {
			isa = PBXProject;
			attributes = {
				LastSwiftUpdateCheck = 0730;
				LastUpgradeCheck = 0730;
				ORGANIZATIONNAME = hxb;
				TargetAttributes = {
					D1CA66D51CAA250D009A083B = {
						CreatedOnToolsVersion = 7.3;
					};
				};
			};
			buildConfigurationList = D1CA66D11CAA250D009A083B /* Build configuration list for PBXProject "DBFM" */;
			compatibilityVersion = "Xcode 3.2";
			developmentRegion = English;
			hasScannedForEncodings = 0;
			knownRegions = (
				en,
				Base,
			);
			mainGroup = D1CA66CD1CAA250D009A083B;
			productRefGroup = D1CA66D71CAA250D009A083B /* Products */;
			projectDirPath = "";
			projectRoot = "";
			targets = (
				D1CA66D51CAA250D009A083B /* DBFM */,
			);
		};
/* End PBXProject section */

/* Begin PBXResourcesBuildPhase section */
		D1CA66D41CAA250D009A083B /* Resources */ = {
			isa = PBXResourcesBuildPhase;
			buildActionMask = 2147483647;
			files = (
				D1CA66E41CAA250D009A083B /* LaunchScreen.storyboard in Resources */,
				D1CA66E11CAA250D009A083B /* Assets.xcassets in Resources */,
				D1CA66DF1CAA250D009A083B /* Main.storyboard in Resources */,
			);
			runOnlyForDeploymentPostprocessing = 0;
		};
/* End PBXResourcesBuildPhase section */

/* Begin PBXSourcesBuildPhase section */
		D1CA66D21CAA250D009A083B /* Sources */ = {
			isa = PBXSourcesBuildPhase;
			buildActionMask = 2147483647;
			files = (
				D1CA66DC1CAA250D009A083B /* ViewController.swift in Sources */,
				D1CA66DA1CAA250D009A083B /* AppDelegate.swift in Sources */,
			);
			runOnlyForDeploymentPostprocessing = 0;
		};
/* End PBXSourcesBuildPhase section */

/* Begin PBXVariantGroup section */
		D1CA66DD1CAA250D009A083B /* Main.storyboard */ = {
			isa = PBXVariantGroup;
			children = (
				D1CA66DE1CAA250D009A083B /* Base */,
			);
			name = Main.storyboard;
			sourceTree = "<group>";
		};
		D1CA66E21CAA250D009A083B /* LaunchScreen.storyboard */ = {
			isa = PBXVariantGroup;
			children = (
				D1CA66E31CAA250D009A083B /* Base */,
			);
			name = LaunchScreen.storyboard;
			sourceTree = "<group>";
		};
/* End PBXVariantGroup section */

/* Begin XCBuildConfiguration section */
		D1CA66E61CAA250D009A083B /* Debug */ = {
			isa = XCBuildConfiguration;
			buildSettings = {
				ALWAYS_SEARCH_USER_PATHS = NO;
				CLANG_ANALYZER_NONNULL = YES;
				CLANG_CXX_LANGUAGE_STANDARD = "gnu++0x";
				CLANG_CXX_LIBRARY = "libc++";
				CLANG_ENABLE_MODULES = YES;
				CLANG_ENABLE_OBJC_ARC = YES;
				CLANG_WARN_BOOL_CONVERSION = YES;
				CLANG_WARN_CONSTANT_CONVERSION = YES;
				CLANG_WARN_DIRECT_OBJC_ISA_USAGE = YES_ERROR;
				CLANG_WARN_EMPTY_BODY = YES;
				CLANG_WARN_ENUM_CONVERSION = YES;
				CLANG_WARN_INT_CONVERSION = YES;
				CLANG_WARN_OBJC_ROOT_CLASS = YES_ERROR;
				CLANG_WARN_UNREACHABLE_CODE = YES;
				CLANG_WARN__DUPLICATE_METHOD_MATCH = YES;
				"CODE_SIGN_IDENTITY[sdk=iphoneos*]" = "iPhone Developer";
				COPY_PHASE_STRIP = NO;
				DEBUG_INFORMATION_FORMAT = dwarf;
				ENABLE_STRICT_OBJC_MSGSEND = YES;
				ENABLE_TESTABILITY = YES;
				GCC_C_LANGUAGE_STANDARD = gnu99;
				GCC_DYNAMIC_NO_PIC = NO;
				GCC_NO_COMMON_BLOCKS = YES;
				GCC_OPTIMIZATION_LEVEL = 0;
				GCC_PREPROCESSOR_DEFINITIONS = (
					"DEBUG=1",
					"$(inherited)",
				);
				GCC_WARN_64_TO_32_BIT_CONVERSION = YES;
				GCC_WARN_ABOUT_RETURN_TYPE = YES_ERROR;
				GCC_WARN_UNDECLARED_SELECTOR = YES;
				GCC_WARN_UNINITIALIZED_AUTOS = YES_AGGRESSIVE;
				GCC_WARN_UNUSED_FUNCTION = YES;
				GCC_WARN_UNUSED_VARIABLE = YES;
				IPHONEOS_DEPLOYMENT_TARGET = 9.3;
				MTL_ENABLE_DEBUG_INFO = YES;
				ONLY_ACTIVE_ARCH = YES;
				SDKROOT = iphoneos;
				SWIFT_OPTIMIZATION_LEVEL = "-Onone";
			};
			name = Debug;
		};
		D1CA66E71CAA250D009A083B /* Release */ = {
			isa = XCBuildConfiguration;
			buildSettings = {
				ALWAYS_SEARCH_USER_PATHS = NO;
				CLANG_ANALYZER_NONNULL = YES;
				CLANG_CXX_LANGUAGE_STANDARD = "gnu++0x";
				CLANG_CXX_LIBRARY = "libc++";
				CLANG_ENABLE_MODULES = YES;
				CLANG_ENABLE_OBJC_ARC = YES;
				CLANG_WARN_BOOL_CONVERSION = YES;
				CLANG_WARN_CONSTANT_CONVERSION = YES;
				CLANG_WARN_DIRECT_OBJC_ISA_USAGE = YES_ERROR;
				CLANG_WARN_EMPTY_BODY = YES;
				CLANG_WARN_ENUM_CONVERSION = YES;
				CLANG_WARN_INT_CONVERSION = YES;
				CLANG_WARN_OBJC_ROOT_CLASS = YES_ERROR;
				CLANG_WARN_UNREACHABLE_CODE = YES;
				CLANG_WARN__DUPLICATE_METHOD_MATCH = YES;
				"CODE_SIGN_IDENTITY[sdk=iphoneos*]" = "iPhone Developer";
				COPY_PHASE_STRIP = NO;
				DEBUG_INFORMATION_FORMAT = "dwarf-with-dsym";
				ENABLE_NS_ASSERTIONS = NO;
				ENABLE_STRICT_OBJC_MSGSEND = YES;
				GCC_C_LANGUAGE_STANDARD = gnu99;
				GCC_NO_COMMON_BLOCKS = YES;
				GCC_WARN_64_TO_32_BIT_CONVERSION = YES;
				GCC_WARN_ABOUT_RETURN_TYPE = YES_ERROR;
				GCC_WARN_UNDECLARED_SELECTOR = YES;
				GCC_WARN_UNINITIALIZED_AUTOS = YES_AGGRESSIVE;
				GCC_WARN_UNUSED_FUNCTION = YES;
				GCC_WARN_UNUSED_VARIABLE = YES;
				IPHONEOS_DEPLOYMENT_TARGET = 9.3;
				MTL_ENABLE_DEBUG_INFO = NO;
				SDKROOT = iphoneos;
				VALIDATE_PRODUCT = YES;
			};
			name = Release;
		};
		D1CA66E91CAA250D009A083B /* Debug */ = {
			isa = XCBuildConfiguration;
			buildSettings = {
				ASSETCATALOG_COMPILER_APPICON_NAME = AppIcon;
				INFOPLIST_FILE = DBFM/Info.plist;
				LD_RUNPATH_SEARCH_PATHS = "$(inherited) @executable_path/Frameworks";
				PRODUCT_BUNDLE_IDENTIFIER = com.hxbxcode.DBFM;
				PRODUCT_NAME = "$(TARGET_NAME)";
			};
			name = Debug;
		};
		D1CA66EA1CAA250D009A083B /* Release */ = {
			isa = XCBuildConfiguration;
			buildSettings = {
				ASSETCATALOG_COMPILER_APPICON_NAME = AppIcon;
				INFOPLIST_FILE = DBFM/Info.plist;
				LD_RUNPATH_SEARCH_PATHS = "$(inherited) @executable_path/Frameworks";
				PRODUCT_BUNDLE_IDENTIFIER = com.hxbxcode.DBFM;
				PRODUCT_NAME = "$(TARGET_NAME)";
			};
			name = Release;
		};
/* End XCBuildConfiguration section */

/* Begin XCConfigurationList section */
		D1CA66D11CAA250D009A083B /* Build configuration list for PBXProject "DBFM" */ = {
			isa = XCConfigurationList;
			buildConfigurations = (
				D1CA66E61CAA250D009A083B /* Debug */,
				D1CA66E71CAA250D009A083B /* Release */,
			);
			defaultConfigurationIsVisible = 0;
			defaultConfigurationName = Release;
		};
		D1CA66E81CAA250D009A083B /* Build configuration list for PBXNativeTarget "DBFM" */ = {
			isa = XCConfigurationList;
			buildConfigurations = (
				D1CA66E91CAA250D009A083B /* Debug */,
				D1CA66EA1CAA250D009A083B /* Release */,
			);
			defaultConfigurationIsVisible = 0;
		};
/* End XCConfigurationList section */
	};
	rootObject = D1CA66CE1CAA250D009A083B /* Project object */;
}
